{
  "name": "socialify",
  "lockfileVersion": 3,
  "requires": true,
  "packages": {
    "": {
      "dependencies": {
        "daisyui": "^5.1.13",
        "tailwindcss": "4.1"
      }
    },
    "node_modules/daisyui": {
      "version": "5.1.13",
      "resolved": "https://registry.npmjs.org/daisyui/-/daisyui-5.1.13.tgz",
      "integrity": "sha512-KWPF/4R+EHTJRqKZFNmSDPfAZ5xeS6YWB/2kS7Y6wGKg+atscUi2DOp6HoDD/OgGML0PJTtTpgwpTfeHVfjk7w==",
      "license": "MIT",
      "funding": {
        "url": "https://github.com/saadeghi/daisyui?sponsor=1"
      }
    },
    "node_modules/tailwindcss": {
      "version": "4.1.13",
      "resolved": "https://registry.npmjs.org/tailwindcss/-/tailwindcss-4.1.13.tgz",
      "integrity": "sha512-i+zidfmTqtwquj4hMEwdjshYYgMbOrPzb9a0M3ZgNa0JMoZeFC6bxZvO8yr8ozS6ix2SDz0+mvryPeBs2TFE+w==",
      "license": "MIT"
    }
  }
}
